
Microsoft Visual Studio Solution File, Format Version 12.00
# Visual Studio Version 16
VisualStudioVersion = 16.0.30711.63
MinimumVisualStudioVersion = 10.0.40219.1
Project("{FAE04EC0-301F-11D3-BF4B-00C04F79EFBC}") = "ArifOmer.BlogApp.Entities", "ArifOmer.BlogApp.Entities\ArifOmer.BlogApp.Entities.csproj", "{6C81D39A-A61B-403F-BE3E-C7DD898C5636}"
EndProject
Project("{FAE04EC0-301F-11D3-BF4B-00C04F79EFBC}") = "ArifOmer.BlogApp.DataAccess", "ArifOmer.BlogApp.DataAccess\ArifOmer.BlogApp.DataAccess.csproj", "{052A5659-35F3-49B3-A258-7C8C1E83C2B1}"
EndProject
Global
	GlobalSection(SolutionConfigurationPlatforms) = preSolution
		Debug|Any CPU = Debug|Any CPU
		Release|Any CPU = Release|Any CPU
	EndGlobalSection
	GlobalSection(ProjectConfigurationPlatforms) = postSolution
		{6C81D39A-A61B-403F-BE3E-C7DD898C5636}.Debug|Any CPU.ActiveCfg = Debug|Any CPU
		{6C81D39A-A61B-403F-BE3E-C7DD898C5636}.Debug|Any CPU.Build.0 = Debug|Any CPU
		{6C81D39A-A61B-403F-BE3E-C7DD898C5636}.Release|Any CPU.ActiveCfg = Release|Any CPU
		{6C81D39A-A61B-403F-BE3E-C7DD898C5636}.Release|Any CPU.Build.0 = Release|Any CPU
		{052A5659-35F3-49B3-A258-7C8C1E83C2B1}.Debug|Any CPU.ActiveCfg = Debug|Any CPU
		{052A5659-35F3-49B3-A258-7C8C1E83C2B1}.Debug|Any CPU.Build.0 = Debug|Any CPU
		{052A5659-35F3-49B3-A258-7C8C1E83C2B1}.Release|Any CPU.ActiveCfg = Release|Any CPU
		{052A5659-35F3-49B3-A258-7C8C1E83C2B1}.Release|Any CPU.Build.0 = Release|Any CPU
	EndGlobalSection
	GlobalSection(SolutionProperties) = preSolution
		HideSolutionNode = FALSE
	EndGlobalSection
	GlobalSection(ExtensibilityGlobals) = postSolution
		SolutionGuid = {B99D53AA-6E71-4AD3-85A8-C14916F0041C}
	EndGlobalSection
EndGlobal
